
Microsoft Visual Studio Solution File, Format Version 12.00
# Visual Studio Version 17
VisualStudioVersion = 17.14.36327.8 d17.14
MinimumVisualStudioVersion = 10.0.40219.1
Project("{FAE04EC0-301F-11D3-BF4B-00C04F79EFBC}") = "MultiBot", "MultiBot.csproj", "{AB126EA9-6EE0-47F8-A71B-8E99C63FC5E3}"
EndProject
Global
	GlobalSection(SolutionConfigurationPlatforms) = preSolution
		Debug|Any CPU = Debug|Any CPU
		Release|Any CPU = Release|Any CPU
	EndGlobalSection
	GlobalSection(ProjectConfigurationPlatforms) = postSolution
		{AB126EA9-6EE0-47F8-A71B-8E99C63FC5E3}.Debug|Any CPU.ActiveCfg = Debug|Any CPU
		{AB126EA9-6EE0-47F8-A71B-8E99C63FC5E3}.Debug|Any CPU.Build.0 = Debug|Any CPU
		{AB126EA9-6EE0-47F8-A71B-8E99C63FC5E3}.Release|Any CPU.ActiveCfg = Release|Any CPU
		{AB126EA9-6EE0-47F8-A71B-8E99C63FC5E3}.Release|Any CPU.Build.0 = Release|Any CPU
	EndGlobalSection
	GlobalSection(SolutionProperties) = preSolution
		HideSolutionNode = FALSE
	EndGlobalSection
	GlobalSection(ExtensibilityGlobals) = postSolution
		SolutionGuid = {703F8680-4790-47D3-97A6-E189F9B2871A}
	EndGlobalSection
EndGlobal
